<?xml version="1.0" encoding="utf-8"?>
<Project ToolsVersion="4.0" xmlns="http://schemas.microsoft.com/developer/msbuild/2003">
  <ItemGroup>
    <Filter Include="Source Files">
      <UniqueIdentifier>{4FC737F1-C7A5-4376-A066-2A32D752A2FF}</UniqueIdentifier>
      <Extensions>cpp;c;cc;cxx;c++;cppm;ixx;def;odl;idl;hpj;bat;asm;asmx</Extensions>
    </Filter>
    <Filter Include="Header Files">
      <UniqueIdentifier>{93995380-89BD-4b04-88EB-625FBE52EBFB}</UniqueIdentifier>
      <Extensions>h;hh;hpp;hxx;h++;hm;inl;inc;ipp;xsd</Extensions>
    </Filter>
    <Filter Include="Resource Files">
      <UniqueIdentifier>{67DA6AB6-F800-4c08-8B7A-83BB121AAD01}</UniqueIdentifier>
      <Extensions>rc;ico;cur;bmp;dlg;rc2;rct;bin;rgs;gif;jpg;jpeg;jpe;resx;tiff;tif;png;wav;mfcribbon-ms</Extensions>
    </Filter>
    <Filter Include="Header Files\Objects">
      <UniqueIdentifier>{9ab067f1-60c7-40c1-9eda-6e5373052ecd}</UniqueIdentifier>
    </Filter>
    <Filter Include="Source Files\Objects">
      <UniqueIdentifier>{5f31fb10-c857-4103-b682-28f12ae70ed6}</UniqueIdentifier>
    </Filter>
    <Filter Include="Header Files\Abstract Classes">
      <UniqueIdentifier>{f05f7744-fd82-42f3-87de-5f1f669f1343}</UniqueIdentifier>
    </Filter>
    <Filter Include="Source Files\Abstract Classes">
      <UniqueIdentifier>{b7700fe8-30c9-440b-b8a3-afb1595d1715}</UniqueIdentifier>
    </Filter>
    <Filter Include="Source Files\Scenes">
      <UniqueIdentifier>{7ee50a35-46b7-4b1c-a3de-b00ee7ef7fb4}</UniqueIdentifier>
    </Filter>
    <Filter Include="Header Files\Scenes">
      <UniqueIdentifier>{af9a185c-0f5b-4c8e-a7a9-91b340eddb57}</UniqueIdentifier>
    </Filter>
  </ItemGroup>
  <ItemGroup>
    <ClCompile Include="main.c">
      <Filter>Source Files</Filter>
    </ClCompile>
    <ClCompile Include="processImput.c">
      <Filter>Source Files</Filter>
    </ClCompile>
    <ClCompile Include="update.c">
      <Filter>Source Files</Filter>
    </ClCompile>
    <ClCompile Include="render.c">
      <Filter>Source Files</Filter>
    </ClCompile>
    <ClCompile Include="switchScenes.c">
      <Filter>Source Files</Filter>
    </ClCompile>
    <ClCompile Include="Ball.c">
      <Filter>Source Files\Objects</Filter>
    </ClCompile>
    <ClCompile Include="Palette.c">
      <Filter>Source Files\Objects</Filter>
    </ClCompile>
    <ClCompile Include="circle.c">
      <Filter>Source Files\Abstract Classes</Filter>
    </ClCompile>
    <ClCompile Include="rectangle.c">
      <Filter>Source Files\Abstract Classes</Filter>
    </ClCompile>
    <ClCompile Include="game.c">
      <Filter>Source Files\Scenes</Filter>
    </ClCompile>
    <ClCompile Include="menu.c">
      <Filter>Source Files\Scenes</Filter>
    </ClCompile>
    <ClCompile Include="Brick.c">
      <Filter>Source Files\Objects</Filter>
    </ClCompile>
    <ClCompile Include="Button.c">
      <Filter>Source Files\Objects</Filter>
    </ClCompile>
    <ClCompile Include="BrickDArray.c">
      <Filter>Source Files\Objects</Filter>
    </ClCompile>
    <ClCompile Include="BrickQTree.c">
      <Filter>Source Files\Objects</Filter>
    </ClCompile>
    <ClCompile Include="Upgrade.c">
      <Filter>Source Files\Objects</Filter>
    </ClCompile>
    <ClCompile Include="UpgradeDArray.c">
      <Filter>Source Files\Objects</Filter>
    </ClCompile>
    <ClCompile Include="BallDArray.c">
      <Filter>Source Files\Objects</Filter>
    </ClCompile>
    <ClCompile Include="help.c">
      <Filter>Source Files\Scenes</Filter>
    </ClCompile>
    <ClCompile Include="highscores.c">
      <Filter>Source Files\Scenes</Filter>
    </ClCompile>
    <ClCompile Include="endgame.c">
      <Filter>Source Files\Scenes</Filter>
    </ClCompile>
  </ItemGroup>
  <ItemGroup>
    <None Include="packages.config" />
  </ItemGroup>
  <ItemGroup>
    <ClInclude Include="GLOBALVARS.h">
      <Filter>Header Files</Filter>
    </ClInclude>
    <ClInclude Include="processImput.h">
      <Filter>Header Files</Filter>
    </ClInclude>
    <ClInclude Include="update.h">
      <Filter>Header Files</Filter>
    </ClInclude>
    <ClInclude Include="render.h">
      <Filter>Header Files</Filter>
    </ClInclude>
    <ClInclude Include="switchScenes.h">
      <Filter>Header Files</Filter>
    </ClInclude>
    <ClInclude Include="Ball.h">
      <Filter>Header Files\Objects</Filter>
    </ClInclude>
    <ClInclude Include="Palette.h">
      <Filter>Header Files\Objects</Filter>
    </ClInclude>
    <ClInclude Include="circle.h">
      <Filter>Header Files\Abstract Classes</Filter>
    </ClInclude>
    <ClInclude Include="rectangle.h">
      <Filter>Header Files\Abstract Classes</Filter>
    </ClInclude>
    <ClInclude Include="menu.h">
      <Filter>Header Files\Scenes</Filter>
    </ClInclude>
    <ClInclude Include="game.h">
      <Filter>Header Files\Scenes</Filter>
    </ClInclude>
    <ClInclude Include="Brick.h">
      <Filter>Header Files\Objects</Filter>
    </ClInclude>
    <ClInclude Include="Button.h">
      <Filter>Header Files\Objects</Filter>
    </ClInclude>
    <ClInclude Include="BrickDArray.h">
      <Filter>Header Files\Objects</Filter>
    </ClInclude>
    <ClInclude Include="BrickQTree.h">
      <Filter>Header Files\Objects</Filter>
    </ClInclude>
    <ClInclude Include="Upgrade.h">
      <Filter>Header Files\Objects</Filter>
    </ClInclude>
    <ClInclude Include="UpgradeDArray.h">
      <Filter>Header Files\Objects</Filter>
    </ClInclude>
    <ClInclude Include="BallDArray.h">
      <Filter>Header Files\Objects</Filter>
    </ClInclude>
    <ClInclude Include="help.h">
      <Filter>Header Files\Scenes</Filter>
    </ClInclude>
    <ClInclude Include="highscores.h">
      <Filter>Header Files\Scenes</Filter>
    </ClInclude>
    <ClInclude Include="endgame.h">
      <Filter>Header Files\Scenes</Filter>
    </ClInclude>
  </ItemGroup>
</Project>